
Microsoft Visual Studio Solution File, Format Version 12.00
# Visual Studio Version 17
VisualStudioVersion = 17.13.35828.75 d17.13
MinimumVisualStudioVersion = 10.0.40219.1
Project("{FAE04EC0-301F-11D3-BF4B-00C04F79EFBC}") = "practicoInmobiliaria", "practicoInmobiliaria\practicoInmobiliaria.csproj", "{0E355572-CFF1-43E3-B6EF-384178DCFBD6}"
EndProject
Global
	GlobalSection(SolutionConfigurationPlatforms) = preSolution
		Debug|Any CPU = Debug|Any CPU
		Release|Any CPU = Release|Any CPU
	EndGlobalSection
	GlobalSection(ProjectConfigurationPlatforms) = postSolution
		{0E355572-CFF1-43E3-B6EF-384178DCFBD6}.Debug|Any CPU.ActiveCfg = Debug|Any CPU
		{0E355572-CFF1-43E3-B6EF-384178DCFBD6}.Debug|Any CPU.Build.0 = Debug|Any CPU
		{0E355572-CFF1-43E3-B6EF-384178DCFBD6}.Release|Any CPU.ActiveCfg = Release|Any CPU
		{0E355572-CFF1-43E3-B6EF-384178DCFBD6}.Release|Any CPU.Build.0 = Release|Any CPU
	EndGlobalSection
	GlobalSection(SolutionProperties) = preSolution
		HideSolutionNode = FALSE
	EndGlobalSection
	GlobalSection(ExtensibilityGlobals) = postSolution
		SolutionGuid = {F62770B5-C8B1-4250-ADC2-3F96522DF8C3}
	EndGlobalSection
EndGlobal
